
Microsoft Visual Studio Solution File, Format Version 12.00
# Visual Studio Version 16
VisualStudioVersion = 25.0.1704.2
MinimumVisualStudioVersion = 10.0.40219.1
Project("{FAE04EC0-301F-11D3-BF4B-00C04F79EFBC}") = "shina", "shina.csproj", "{4BCD05E9-8D91-4A8B-8163-4673E3B22F14}"
EndProject
Global
	GlobalSection(SolutionConfigurationPlatforms) = preSolution
		Debug|Any CPU = Debug|Any CPU
		Release|Any CPU = Release|Any CPU
	EndGlobalSection
	GlobalSection(ProjectConfigurationPlatforms) = postSolution
		{4BCD05E9-8D91-4A8B-8163-4673E3B22F14}.Debug|Any CPU.ActiveCfg = Debug|Any CPU
		{4BCD05E9-8D91-4A8B-8163-4673E3B22F14}.Debug|Any CPU.Build.0 = Debug|Any CPU
		{4BCD05E9-8D91-4A8B-8163-4673E3B22F14}.Release|Any CPU.ActiveCfg = Release|Any CPU
		{4BCD05E9-8D91-4A8B-8163-4673E3B22F14}.Release|Any CPU.Build.0 = Release|Any CPU
	EndGlobalSection
	GlobalSection(SolutionProperties) = preSolution
		HideSolutionNode = FALSE
	EndGlobalSection
	GlobalSection(ExtensibilityGlobals) = postSolution
		SolutionGuid = {D48A7BED-37BE-49FF-8E3B-4CD3D79F85F0}
	EndGlobalSection
EndGlobal
